
Microsoft Visual Studio Solution File, Format Version 12.00
# Visual Studio 14
VisualStudioVersion = 14.0.23107.0
MinimumVisualStudioVersion = 10.0.40219.1
Project("{FAE04EC0-301F-11D3-BF4B-00C04F79EFBC}") = "mySpotter", "mySpotter\mySpotter.csproj", "{7509EC8C-B1F6-4D07-865E-C3EAD45A5D9B}"
EndProject
Project("{FAE04EC0-301F-11D3-BF4B-00C04F79EFBC}") = "mySpotterLibrary", "mySpotterLibrary\mySpotterLibrary.csproj", "{37D8C626-136E-4F0E-83F2-D9A98D5FDF5C}"
EndProject
Global
	GlobalSection(SolutionConfigurationPlatforms) = preSolution
		Ad-Hoc|Any CPU = Ad-Hoc|Any CPU
		Ad-Hoc|ARM = Ad-Hoc|ARM
		Ad-Hoc|iPhone = Ad-Hoc|iPhone
		Ad-Hoc|iPhoneSimulator = Ad-Hoc|iPhoneSimulator
		Ad-Hoc|x64 = Ad-Hoc|x64
		Ad-Hoc|x86 = Ad-Hoc|x86
		AppStore|Any CPU = AppStore|Any CPU
		AppStore|ARM = AppStore|ARM
		AppStore|iPhone = AppStore|iPhone
		AppStore|iPhoneSimulator = AppStore|iPhoneSimulator
		AppStore|x64 = AppStore|x64
		AppStore|x86 = AppStore|x86
		Debug|Any CPU = Debug|Any CPU
		Debug|ARM = Debug|ARM
		Debug|iPhone = Debug|iPhone
		Debug|iPhoneSimulator = Debug|iPhoneSimulator
		Debug|x64 = Debug|x64
		Debug|x86 = Debug|x86
		Release|Any CPU = Release|Any CPU
		Release|ARM = Release|ARM
		Release|iPhone = Release|iPhone
		Release|iPhoneSimulator = Release|iPhoneSimulator
		Release|x64 = Release|x64
		Release|x86 = Release|x86
	EndGlobalSection
	GlobalSection(ProjectConfigurationPlatforms) = postSolution
		{7509EC8C-B1F6-4D07-865E-C3EAD45A5D9B}.Ad-Hoc|Any CPU.ActiveCfg = Release|x64
		{7509EC8C-B1F6-4D07-865E-C3EAD45A5D9B}.Ad-Hoc|Any CPU.Build.0 = Release|x64
		{7509EC8C-B1F6-4D07-865E-C3EAD45A5D9B}.Ad-Hoc|Any CPU.Deploy.0 = Release|x64
		{7509EC8C-B1F6-4D07-865E-C3EAD45A5D9B}.Ad-Hoc|ARM.ActiveCfg = Release|ARM
		{7509EC8C-B1F6-4D07-865E-C3EAD45A5D9B}.Ad-Hoc|ARM.Build.0 = Release|ARM
		{7509EC8C-B1F6-4D07-865E-C3EAD45A5D9B}.Ad-Hoc|ARM.Deploy.0 = Release|ARM
		{7509EC8C-B1F6-4D07-865E-C3EAD45A5D9B}.Ad-Hoc|iPhone.ActiveCfg = Release|x64
		{7509EC8C-B1F6-4D07-865E-C3EAD45A5D9B}.Ad-Hoc|iPhone.Build.0 = Release|x64
		{7509EC8C-B1F6-4D07-865E-C3EAD45A5D9B}.Ad-Hoc|iPhone.Deploy.0 = Release|x64
		{7509EC8C-B1F6-4D07-865E-C3EAD45A5D9B}.Ad-Hoc|iPhoneSimulator.ActiveCfg = Release|x64
		{7509EC8C-B1F6-4D07-865E-C3EAD45A5D9B}.Ad-Hoc|iPhoneSimulator.Build.0 = Release|x64
		{7509EC8C-B1F6-4D07-865E-C3EAD45A5D9B}.Ad-Hoc|iPhoneSimulator.Deploy.0 = Release|x64
		{7509EC8C-B1F6-4D07-865E-C3EAD45A5D9B}.Ad-Hoc|x64.ActiveCfg = Release|x64
		{7509EC8C-B1F6-4D07-865E-C3EAD45A5D9B}.Ad-Hoc|x64.Build.0 = Release|x64
		{7509EC8C-B1F6-4D07-865E-C3EAD45A5D9B}.Ad-Hoc|x64.Deploy.0 = Release|x64
		{7509EC8C-B1F6-4D07-865E-C3EAD45A5D9B}.Ad-Hoc|x86.ActiveCfg = Release|x86
		{7509EC8C-B1F6-4D07-865E-C3EAD45A5D9B}.Ad-Hoc|x86.Build.0 = Release|x86
		{7509EC8C-B1F6-4D07-865E-C3EAD45A5D9B}.Ad-Hoc|x86.Deploy.0 = Release|x86
		{7509EC8C-B1F6-4D07-865E-C3EAD45A5D9B}.AppStore|Any CPU.ActiveCfg = Release|x64
		{7509EC8C-B1F6-4D07-865E-C3EAD45A5D9B}.AppStore|Any CPU.Build.0 = Release|x64
		{7509EC8C-B1F6-4D07-865E-C3EAD45A5D9B}.AppStore|Any CPU.Deploy.0 = Release|x64
		{7509EC8C-B1F6-4D07-865E-C3EAD45A5D9B}.AppStore|ARM.ActiveCfg = Release|ARM
		{7509EC8C-B1F6-4D07-865E-C3EAD45A5D9B}.AppStore|ARM.Build.0 = Release|ARM
		{7509EC8C-B1F6-4D07-865E-C3EAD45A5D9B}.AppStore|ARM.Deploy.0 = Release|ARM
		{7509EC8C-B1F6-4D07-865E-C3EAD45A5D9B}.AppStore|iPhone.ActiveCfg = Release|x64
		{7509EC8C-B1F6-4D07-865E-C3EAD45A5D9B}.AppStore|iPhone.Build.0 = Release|x64
		{7509EC8C-B1F6-4D07-865E-C3EAD45A5D9B}.AppStore|iPhone.Deploy.0 = Release|x64
		{7509EC8C-B1F6-4D07-865E-C3EAD45A5D9B}.AppStore|iPhoneSimulator.ActiveCfg = Release|x64
		{7509EC8C-B1F6-4D07-865E-C3EAD45A5D9B}.AppStore|iPhoneSimulator.Build.0 = Release|x64
		{7509EC8C-B1F6-4D07-865E-C3EAD45A5D9B}.AppStore|iPhoneSimulator.Deploy.0 = Release|x64
		{7509EC8C-B1F6-4D07-865E-C3EAD45A5D9B}.AppStore|x64.ActiveCfg = Release|x64
		{7509EC8C-B1F6-4D07-865E-C3EAD45A5D9B}.AppStore|x64.Build.0 = Release|x64
		{7509EC8C-B1F6-4D07-865E-C3EAD45A5D9B}.AppStore|x64.Deploy.0 = Release|x64
		{7509EC8C-B1F6-4D07-865E-C3EAD45A5D9B}.AppStore|x86.ActiveCfg = Release|x86
		{7509EC8C-B1F6-4D07-865E-C3EAD45A5D9B}.AppStore|x86.Build.0 = Release|x86
		{7509EC8C-B1F6-4D07-865E-C3EAD45A5D9B}.AppStore|x86.Deploy.0 = Release|x86
		{7509EC8C-B1F6-4D07-865E-C3EAD45A5D9B}.Debug|Any CPU.ActiveCfg = Debug|x86
		{7509EC8C-B1F6-4D07-865E-C3EAD45A5D9B}.Debug|ARM.ActiveCfg = Debug|ARM
		{7509EC8C-B1F6-4D07-865E-C3EAD45A5D9B}.Debug|ARM.Build.0 = Debug|ARM
		{7509EC8C-B1F6-4D07-865E-C3EAD45A5D9B}.Debug|ARM.Deploy.0 = Debug|ARM
		{7509EC8C-B1F6-4D07-865E-C3EAD45A5D9B}.Debug|iPhone.ActiveCfg = Debug|x86
		{7509EC8C-B1F6-4D07-865E-C3EAD45A5D9B}.Debug|iPhoneSimulator.ActiveCfg = Debug|x86
		{7509EC8C-B1F6-4D07-865E-C3EAD45A5D9B}.Debug|x64.ActiveCfg = Debug|x64
		{7509EC8C-B1F6-4D07-865E-C3EAD45A5D9B}.Debug|x64.Build.0 = Debug|x64
		{7509EC8C-B1F6-4D07-865E-C3EAD45A5D9B}.Debug|x64.Deploy.0 = Debug|x64
		{7509EC8C-B1F6-4D07-865E-C3EAD45A5D9B}.Debug|x86.ActiveCfg = Debug|x86
		{7509EC8C-B1F6-4D07-865E-C3EAD45A5D9B}.Debug|x86.Build.0 = Debug|x86
		{7509EC8C-B1F6-4D07-865E-C3EAD45A5D9B}.Debug|x86.Deploy.0 = Debug|x86
		{7509EC8C-B1F6-4D07-865E-C3EAD45A5D9B}.Release|Any CPU.ActiveCfg = Release|x86
		{7509EC8C-B1F6-4D07-865E-C3EAD45A5D9B}.Release|ARM.ActiveCfg = Release|ARM
		{7509EC8C-B1F6-4D07-865E-C3EAD45A5D9B}.Release|ARM.Build.0 = Release|ARM
		{7509EC8C-B1F6-4D07-865E-C3EAD45A5D9B}.Release|ARM.Deploy.0 = Release|ARM
		{7509EC8C-B1F6-4D07-865E-C3EAD45A5D9B}.Release|iPhone.ActiveCfg = Release|x86
		{7509EC8C-B1F6-4D07-865E-C3EAD45A5D9B}.Release|iPhoneSimulator.ActiveCfg = Release|x86
		{7509EC8C-B1F6-4D07-865E-C3EAD45A5D9B}.Release|x64.ActiveCfg = Release|x64
		{7509EC8C-B1F6-4D07-865E-C3EAD45A5D9B}.Release|x64.Build.0 = Release|x64
		{7509EC8C-B1F6-4D07-865E-C3EAD45A5D9B}.Release|x64.Deploy.0 = Release|x64
		{7509EC8C-B1F6-4D07-865E-C3EAD45A5D9B}.Release|x86.ActiveCfg = Release|x86
		{7509EC8C-B1F6-4D07-865E-C3EAD45A5D9B}.Release|x86.Build.0 = Release|x86
		{7509EC8C-B1F6-4D07-865E-C3EAD45A5D9B}.Release|x86.Deploy.0 = Release|x86
		{37D8C626-136E-4F0E-83F2-D9A98D5FDF5C}.Ad-Hoc|Any CPU.ActiveCfg = Release|Any CPU
		{37D8C626-136E-4F0E-83F2-D9A98D5FDF5C}.Ad-Hoc|Any CPU.Build.0 = Release|Any CPU
		{37D8C626-136E-4F0E-83F2-D9A98D5FDF5C}.Ad-Hoc|ARM.ActiveCfg = Release|ARM
		{37D8C626-136E-4F0E-83F2-D9A98D5FDF5C}.Ad-Hoc|ARM.Build.0 = Release|ARM
		{37D8C626-136E-4F0E-83F2-D9A98D5FDF5C}.Ad-Hoc|iPhone.ActiveCfg = Release|Any CPU
		{37D8C626-136E-4F0E-83F2-D9A98D5FDF5C}.Ad-Hoc|iPhone.Build.0 = Release|Any CPU
		{37D8C626-136E-4F0E-83F2-D9A98D5FDF5C}.Ad-Hoc|iPhoneSimulator.ActiveCfg = Release|Any CPU
		{37D8C626-136E-4F0E-83F2-D9A98D5FDF5C}.Ad-Hoc|iPhoneSimulator.Build.0 = Release|Any CPU
		{37D8C626-136E-4F0E-83F2-D9A98D5FDF5C}.Ad-Hoc|x64.ActiveCfg = Release|x64
		{37D8C626-136E-4F0E-83F2-D9A98D5FDF5C}.Ad-Hoc|x64.Build.0 = Release|x64
		{37D8C626-136E-4F0E-83F2-D9A98D5FDF5C}.Ad-Hoc|x86.ActiveCfg = Release|x86
		{37D8C626-136E-4F0E-83F2-D9A98D5FDF5C}.Ad-Hoc|x86.Build.0 = Release|x86
		{37D8C626-136E-4F0E-83F2-D9A98D5FDF5C}.AppStore|Any CPU.ActiveCfg = Release|Any CPU
		{37D8C626-136E-4F0E-83F2-D9A98D5FDF5C}.AppStore|Any CPU.Build.0 = Release|Any CPU
		{37D8C626-136E-4F0E-83F2-D9A98D5FDF5C}.AppStore|ARM.ActiveCfg = Release|ARM
		{37D8C626-136E-4F0E-83F2-D9A98D5FDF5C}.AppStore|ARM.Build.0 = Release|ARM
		{37D8C626-136E-4F0E-83F2-D9A98D5FDF5C}.AppStore|iPhone.ActiveCfg = Release|Any CPU
		{37D8C626-136E-4F0E-83F2-D9A98D5FDF5C}.AppStore|iPhone.Build.0 = Release|Any CPU
		{37D8C626-136E-4F0E-83F2-D9A98D5FDF5C}.AppStore|iPhoneSimulator.ActiveCfg = Release|Any CPU
		{37D8C626-136E-4F0E-83F2-D9A98D5FDF5C}.AppStore|iPhoneSimulator.Build.0 = Release|Any CPU
		{37D8C626-136E-4F0E-83F2-D9A98D5FDF5C}.AppStore|x64.ActiveCfg = Release|x64
		{37D8C626-136E-4F0E-83F2-D9A98D5FDF5C}.AppStore|x64.Build.0 = Release|x64
		{37D8C626-136E-4F0E-83F2-D9A98D5FDF5C}.AppStore|x86.ActiveCfg = Release|x86
		{37D8C626-136E-4F0E-83F2-D9A98D5FDF5C}.AppStore|x86.Build.0 = Release|x86
		{37D8C626-136E-4F0E-83F2-D9A98D5FDF5C}.Debug|Any CPU.ActiveCfg = Debug|x86
		{37D8C626-136E-4F0E-83F2-D9A98D5FDF5C}.Debug|Any CPU.Build.0 = Debug|x86
		{37D8C626-136E-4F0E-83F2-D9A98D5FDF5C}.Debug|ARM.ActiveCfg = Debug|ARM
		{37D8C626-136E-4F0E-83F2-D9A98D5FDF5C}.Debug|ARM.Build.0 = Debug|ARM
		{37D8C626-136E-4F0E-83F2-D9A98D5FDF5C}.Debug|iPhone.ActiveCfg = Debug|Any CPU
		{37D8C626-136E-4F0E-83F2-D9A98D5FDF5C}.Debug|iPhone.Build.0 = Debug|Any CPU
		{37D8C626-136E-4F0E-83F2-D9A98D5FDF5C}.Debug|iPhoneSimulator.ActiveCfg = Debug|Any CPU
		{37D8C626-136E-4F0E-83F2-D9A98D5FDF5C}.Debug|iPhoneSimulator.Build.0 = Debug|Any CPU
		{37D8C626-136E-4F0E-83F2-D9A98D5FDF5C}.Debug|x64.ActiveCfg = Debug|x64
		{37D8C626-136E-4F0E-83F2-D9A98D5FDF5C}.Debug|x64.Build.0 = Debug|x64
		{37D8C626-136E-4F0E-83F2-D9A98D5FDF5C}.Debug|x86.ActiveCfg = Debug|x86
		{37D8C626-136E-4F0E-83F2-D9A98D5FDF5C}.Debug|x86.Build.0 = Debug|x86
		{37D8C626-136E-4F0E-83F2-D9A98D5FDF5C}.Release|Any CPU.ActiveCfg = Release|Any CPU
		{37D8C626-136E-4F0E-83F2-D9A98D5FDF5C}.Release|Any CPU.Build.0 = Release|Any CPU
		{37D8C626-136E-4F0E-83F2-D9A98D5FDF5C}.Release|ARM.ActiveCfg = Release|ARM
		{37D8C626-136E-4F0E-83F2-D9A98D5FDF5C}.Release|ARM.Build.0 = Release|ARM
		{37D8C626-136E-4F0E-83F2-D9A98D5FDF5C}.Release|iPhone.ActiveCfg = Release|Any CPU
		{37D8C626-136E-4F0E-83F2-D9A98D5FDF5C}.Release|iPhone.Build.0 = Release|Any CPU
		{37D8C626-136E-4F0E-83F2-D9A98D5FDF5C}.Release|iPhoneSimulator.ActiveCfg = Release|Any CPU
		{37D8C626-136E-4F0E-83F2-D9A98D5FDF5C}.Release|iPhoneSimulator.Build.0 = Release|Any CPU
		{37D8C626-136E-4F0E-83F2-D9A98D5FDF5C}.Release|x64.ActiveCfg = Release|x64
		{37D8C626-136E-4F0E-83F2-D9A98D5FDF5C}.Release|x64.Build.0 = Release|x64
		{37D8C626-136E-4F0E-83F2-D9A98D5FDF5C}.Release|x86.ActiveCfg = Release|x86
		{37D8C626-136E-4F0E-83F2-D9A98D5FDF5C}.Release|x86.Build.0 = Release|x86
	EndGlobalSection
	GlobalSection(SolutionProperties) = preSolution
		HideSolutionNode = FALSE
	EndGlobalSection
EndGlobal
